
Microsoft Visual Studio Solution File, Format Version 12.00
# Visual Studio Version 16
VisualStudioVersion = 16.0.31424.327
MinimumVisualStudioVersion = 10.0.40219.1
Project("{FAE04EC0-301F-11D3-BF4B-00C04F79EFBC}") = "Calculator", "Calculator\Calculator.csproj", "{BDA37776-8CDA-4906-BE14-EB306D4E4377}"
EndProject
Global
	GlobalSection(SolutionConfigurationPlatforms) = preSolution
		Debug|Any CPU = Debug|Any CPU
		Release|Any CPU = Release|Any CPU
	EndGlobalSection
	GlobalSection(ProjectConfigurationPlatforms) = postSolution
		{BDA37776-8CDA-4906-BE14-EB306D4E4377}.Debug|Any CPU.ActiveCfg = Debug|Any CPU
		{BDA37776-8CDA-4906-BE14-EB306D4E4377}.Debug|Any CPU.Build.0 = Debug|Any CPU
		{BDA37776-8CDA-4906-BE14-EB306D4E4377}.Release|Any CPU.ActiveCfg = Release|Any CPU
		{BDA37776-8CDA-4906-BE14-EB306D4E4377}.Release|Any CPU.Build.0 = Release|Any CPU
	EndGlobalSection
	GlobalSection(SolutionProperties) = preSolution
		HideSolutionNode = FALSE
	EndGlobalSection
	GlobalSection(ExtensibilityGlobals) = postSolution
		SolutionGuid = {B6ECB502-A1FE-46E3-8A77-DDB5E4B07946}
	EndGlobalSection
EndGlobal
